
Microsoft Visual Studio Solution File, Format Version 12.00
# Visual Studio Version 17
VisualStudioVersion = 17.5.002.0
MinimumVisualStudioVersion = 10.0.40219.1
Project("{9A19103F-16F7-4668-BE54-9A1E7A4F7556}") = "MauiApp1", "MauiApp1.csproj", "{DF990A24-9A61-4B71-AAB6-FFB89E843183}"
EndProject
Global
	GlobalSection(SolutionConfigurationPlatforms) = preSolution
		Debug|Any CPU = Debug|Any CPU
		Release|Any CPU = Release|Any CPU
	EndGlobalSection
	GlobalSection(ProjectConfigurationPlatforms) = postSolution
		{DF990A24-9A61-4B71-AAB6-FFB89E843183}.Debug|Any CPU.ActiveCfg = Debug|Any CPU
		{DF990A24-9A61-4B71-AAB6-FFB89E843183}.Debug|Any CPU.Build.0 = Debug|Any CPU
		{DF990A24-9A61-4B71-AAB6-FFB89E843183}.Release|Any CPU.ActiveCfg = Release|Any CPU
		{DF990A24-9A61-4B71-AAB6-FFB89E843183}.Release|Any CPU.Build.0 = Release|Any CPU
	EndGlobalSection
	GlobalSection(SolutionProperties) = preSolution
		HideSolutionNode = FALSE
	EndGlobalSection
	GlobalSection(ExtensibilityGlobals) = postSolution
		SolutionGuid = {20ABB93E-9B4C-4497-A853-B6DFE1768D17}
	EndGlobalSection
EndGlobal
